<?xml version="1.0" encoding="utf-8"?>
<Project ToolsVersion="4.0" xmlns="http://schemas.microsoft.com/developer/msbuild/2003">
  <ItemGroup>
    <Filter Include="Source Files">
      <UniqueIdentifier>{4FC737F1-C7A5-4376-A066-2A32D752A2FF}</UniqueIdentifier>
      <Extensions>cpp;c;cc;cxx;c++;cppm;ixx;def;odl;idl;hpj;bat;asm;asmx</Extensions>
    </Filter>
    <Filter Include="Header Files">
      <UniqueIdentifier>{93995380-89BD-4b04-88EB-625FBE52EBFB}</UniqueIdentifier>
      <Extensions>h;hh;hpp;hxx;h++;hm;inl;inc;ipp;xsd</Extensions>
    </Filter>
    <Filter Include="Resource Files">
      <UniqueIdentifier>{67DA6AB6-F800-4c08-8B7A-83BB121AAD01}</UniqueIdentifier>
      <Extensions>rc;ico;cur;bmp;dlg;rc2;rct;bin;rgs;gif;jpg;jpeg;jpe;resx;tiff;tif;png;wav;mfcribbon-ms</Extensions>
    </Filter>
    <Filter Include="Source Files\SRE">
      <UniqueIdentifier>{4fc86eb6-f210-4d3d-8275-921b8092ea71}</UniqueIdentifier>
    </Filter>
    <Filter Include="Source Files\UI">
      <UniqueIdentifier>{7fae5fe4-48cd-4bb9-bbf2-96f5a98c157e}</UniqueIdentifier>
    </Filter>
    <Filter Include="Header Files\SRE">
      <UniqueIdentifier>{f32c9c96-8358-4ed2-b6e3-f1b941b71582}</UniqueIdentifier>
    </Filter>
    <Filter Include="Header Files\UI">
      <UniqueIdentifier>{197e5efd-7004-4d4c-9929-1fbe4f1fcabb}</UniqueIdentifier>
    </Filter>
  </ItemGroup>
  <ItemGroup>
    <ClCompile Include="WinMain.cpp">
      <Filter>Source Files</Filter>
    </ClCompile>
    <ClCompile Include="MainWindow.cpp">
      <Filter>Source Files</Filter>
    </ClCompile>
    <ClCompile Include="SRE_Gpu.cpp">
      <Filter>Source Files\SRE</Filter>
    </ClCompile>
    <ClCompile Include="SRE_GpuList.cpp">
      <Filter>Source Files\SRE</Filter>
    </ClCompile>
    <ClCompile Include="SRE_Registry.cpp">
      <Filter>Source Files\SRE</Filter>
    </ClCompile>
    <ClCompile Include="SRE_Resolution.cpp">
      <Filter>Source Files\SRE</Filter>
    </ClCompile>
    <ClCompile Include="SRE_ResolutionList.cpp">
      <Filter>Source Files\SRE</Filter>
    </ClCompile>
    <ClCompile Include="UI_Control.cpp">
      <Filter>Source Files\UI</Filter>
    </ClCompile>
    <ClCompile Include="UI_Controls_Button.cpp">
      <Filter>Source Files\UI</Filter>
    </ClCompile>
    <ClCompile Include="UI_Controls_ComboBox.cpp">
      <Filter>Source Files\UI</Filter>
    </ClCompile>
    <ClCompile Include="UI_Controls_GroupBox.cpp">
      <Filter>Source Files\UI</Filter>
    </ClCompile>
    <ClCompile Include="UI_Controls_Label.cpp">
      <Filter>Source Files\UI</Filter>
    </ClCompile>
    <ClCompile Include="UI_Font.cpp">
      <Filter>Source Files\UI</Filter>
    </ClCompile>
    <ClCompile Include="UI_Window.cpp">
      <Filter>Source Files\UI</Filter>
    </ClCompile>
    <ClCompile Include="UI_Controls_ListBox.cpp">
      <Filter>Source Files\UI</Filter>
    </ClCompile>
    <ClCompile Include="UI_Controls_TextBox.cpp">
      <Filter>Source Files\UI</Filter>
    </ClCompile>
    <ClCompile Include="UI_Dpi.cpp">
      <Filter>Source Files\UI</Filter>
    </ClCompile>
    <ClCompile Include="UI_Icon.cpp">
      <Filter>Source Files\UI</Filter>
    </ClCompile>
    <ClCompile Include="SRE.cpp">
      <Filter>Source Files\SRE</Filter>
    </ClCompile>
    <ClCompile Include="UI_SystemTheme.cpp">
      <Filter>Source Files\UI</Filter>
    </ClCompile>
    <ClCompile Include="UI_DC.cpp">
      <Filter>Source Files\UI</Filter>
    </ClCompile>
    <ClCompile Include="UI_ClientDC.cpp">
      <Filter>Source Files\UI</Filter>
    </ClCompile>
    <ClCompile Include="UI_PaintDC.cpp">
      <Filter>Source Files\UI</Filter>
    </ClCompile>
    <ClCompile Include="UI_WindowDC.cpp">
      <Filter>Source Files\UI</Filter>
    </ClCompile>
    <ClCompile Include="UI.cpp">
      <Filter>Source Files\UI</Filter>
    </ClCompile>
    <ClCompile Include="UI_ScreenDC.cpp">
      <Filter>Source Files\UI</Filter>
    </ClCompile>
    <ClCompile Include="UI_Theme.cpp">
      <Filter>Source Files\UI</Filter>
    </ClCompile>
    <ClCompile Include="UI_Clipboard.cpp">
      <Filter>Source Files\UI</Filter>
    </ClCompile>
  </ItemGroup>
  <ItemGroup>
    <ClInclude Include="MainWindow.h">
      <Filter>Header Files</Filter>
    </ClInclude>
    <ClInclude Include="SRE.h">
      <Filter>Header Files\SRE</Filter>
    </ClInclude>
    <ClInclude Include="SRE_Gpu.h">
      <Filter>Header Files\SRE</Filter>
    </ClInclude>
    <ClInclude Include="SRE_GpuList.h">
      <Filter>Header Files\SRE</Filter>
    </ClInclude>
    <ClInclude Include="SRE_Registry.h">
      <Filter>Header Files\SRE</Filter>
    </ClInclude>
    <ClInclude Include="SRE_Resolution.h">
      <Filter>Header Files\SRE</Filter>
    </ClInclude>
    <ClInclude Include="SRE_ResolutionList.h">
      <Filter>Header Files\SRE</Filter>
    </ClInclude>
    <ClInclude Include="UI_Control.h">
      <Filter>Header Files\UI</Filter>
    </ClInclude>
    <ClInclude Include="UI_Controls_Button.h">
      <Filter>Header Files\UI</Filter>
    </ClInclude>
    <ClInclude Include="UI_Controls_ComboBox.h">
      <Filter>Header Files\UI</Filter>
    </ClInclude>
    <ClInclude Include="UI_Controls_GroupBox.h">
      <Filter>Header Files\UI</Filter>
    </ClInclude>
    <ClInclude Include="UI_Controls_Label.h">
      <Filter>Header Files\UI</Filter>
    </ClInclude>
    <ClInclude Include="UI_Font.h">
      <Filter>Header Files\UI</Filter>
    </ClInclude>
    <ClInclude Include="UI_Window.h">
      <Filter>Header Files\UI</Filter>
    </ClInclude>
    <ClInclude Include="UI.h">
      <Filter>Header Files\UI</Filter>
    </ClInclude>
    <ClInclude Include="UI_Controls_ListBox.h">
      <Filter>Header Files\UI</Filter>
    </ClInclude>
    <ClInclude Include="UI_Controls_TextBox.h">
      <Filter>Header Files\UI</Filter>
    </ClInclude>
    <ClInclude Include="UI_Dpi.h">
      <Filter>Header Files\UI</Filter>
    </ClInclude>
    <ClInclude Include="UI_Icon.h">
      <Filter>Header Files\UI</Filter>
    </ClInclude>
    <ClInclude Include="UI_Theme.h">
      <Filter>Header Files\UI</Filter>
    </ClInclude>
    <ClInclude Include="SRE_Common.h">
      <Filter>Header Files\SRE</Filter>
    </ClInclude>
    <ClInclude Include="UI_Common.h">
      <Filter>Header Files\UI</Filter>
    </ClInclude>
    <ClInclude Include="UI_SystemTheme.h">
      <Filter>Header Files\UI</Filter>
    </ClInclude>
    <ClInclude Include="UI_DC.h">
      <Filter>Header Files\UI</Filter>
    </ClInclude>
    <ClInclude Include="UI_ClientDC.h">
      <Filter>Header Files\UI</Filter>
    </ClInclude>
    <ClInclude Include="UI_PaintDC.h">
      <Filter>Header Files\UI</Filter>
    </ClInclude>
    <ClInclude Include="UI_WindowDC.h">
      <Filter>Header Files\UI</Filter>
    </ClInclude>
    <ClInclude Include="UI_ScreenDC.h">
      <Filter>Header Files\UI</Filter>
    </ClInclude>
    <ClInclude Include="UI_Clipboard.h">
      <Filter>Header Files\UI</Filter>
    </ClInclude>
  </ItemGroup>
  <ItemGroup>
    <Manifest Include="Manifest.xml">
      <Filter>Resource Files</Filter>
    </Manifest>
  </ItemGroup>
  <ItemGroup>
    <ResourceCompile Include="Resources.rc">
      <Filter>Resource Files</Filter>
    </ResourceCompile>
  </ItemGroup>
  <ItemGroup>
    <Image Include="SRE.ico">
      <Filter>Resource Files</Filter>
    </Image>
  </ItemGroup>
</Project>